
Microsoft Visual Studio Solution File, Format Version 12.00
# Visual Studio Version 16
VisualStudioVersion = 16.0.31410.357
MinimumVisualStudioVersion = 10.0.40219.1
Project("{8BC9CEB8-8B4A-11D0-8D11-00A0C91BC942}") = "二叉树遍历", "二叉树遍历.vcxproj", "{B555A840-7508-4A4A-B61F-AB4C1A4D2E8D}"
EndProject
Global
	GlobalSection(SolutionConfigurationPlatforms) = preSolution
		Debug|x64 = Debug|x64
		Debug|x86 = Debug|x86
		Release|x64 = Release|x64
		Release|x86 = Release|x86
	EndGlobalSection
	GlobalSection(ProjectConfigurationPlatforms) = postSolution
		{B555A840-7508-4A4A-B61F-AB4C1A4D2E8D}.Debug|x64.ActiveCfg = Debug|x64
		{B555A840-7508-4A4A-B61F-AB4C1A4D2E8D}.Debug|x64.Build.0 = Debug|x64
		{B555A840-7508-4A4A-B61F-AB4C1A4D2E8D}.Debug|x86.ActiveCfg = Debug|Win32
		{B555A840-7508-4A4A-B61F-AB4C1A4D2E8D}.Debug|x86.Build.0 = Debug|Win32
		{B555A840-7508-4A4A-B61F-AB4C1A4D2E8D}.Release|x64.ActiveCfg = Release|x64
		{B555A840-7508-4A4A-B61F-AB4C1A4D2E8D}.Release|x64.Build.0 = Release|x64
		{B555A840-7508-4A4A-B61F-AB4C1A4D2E8D}.Release|x86.ActiveCfg = Release|Win32
		{B555A840-7508-4A4A-B61F-AB4C1A4D2E8D}.Release|x86.Build.0 = Release|Win32
	EndGlobalSection
	GlobalSection(SolutionProperties) = preSolution
		HideSolutionNode = FALSE
	EndGlobalSection
	GlobalSection(ExtensibilityGlobals) = postSolution
		SolutionGuid = {96D97925-5A6F-4E5F-B753-28EF6ECBB29E}
	EndGlobalSection
EndGlobal
