
Microsoft Visual Studio Solution File, Format Version 12.00
# Visual Studio Version 16
VisualStudioVersion = 16.0.31410.357
MinimumVisualStudioVersion = 10.0.40219.1
Project("{8BC9CEB8-8B4A-11D0-8D11-00A0C91BC942}") = "2021CC", "2021CC.vcxproj", "{BC1A6E11-A28B-4C89-966F-CD427871FD69}"
EndProject
Global
	GlobalSection(SolutionConfigurationPlatforms) = preSolution
		Debug|x64 = Debug|x64
		Debug|x86 = Debug|x86
		Release|x64 = Release|x64
		Release|x86 = Release|x86
	EndGlobalSection
	GlobalSection(ProjectConfigurationPlatforms) = postSolution
		{BC1A6E11-A28B-4C89-966F-CD427871FD69}.Debug|x64.ActiveCfg = Debug|x64
		{BC1A6E11-A28B-4C89-966F-CD427871FD69}.Debug|x64.Build.0 = Debug|x64
		{BC1A6E11-A28B-4C89-966F-CD427871FD69}.Debug|x86.ActiveCfg = Debug|Win32
		{BC1A6E11-A28B-4C89-966F-CD427871FD69}.Debug|x86.Build.0 = Debug|Win32
		{BC1A6E11-A28B-4C89-966F-CD427871FD69}.Release|x64.ActiveCfg = Release|x64
		{BC1A6E11-A28B-4C89-966F-CD427871FD69}.Release|x64.Build.0 = Release|x64
		{BC1A6E11-A28B-4C89-966F-CD427871FD69}.Release|x86.ActiveCfg = Release|Win32
		{BC1A6E11-A28B-4C89-966F-CD427871FD69}.Release|x86.Build.0 = Release|Win32
	EndGlobalSection
	GlobalSection(SolutionProperties) = preSolution
		HideSolutionNode = FALSE
	EndGlobalSection
	GlobalSection(ExtensibilityGlobals) = postSolution
		SolutionGuid = {3E44FA39-7931-4DFF-929F-AE656AE8339F}
	EndGlobalSection
EndGlobal
